{
	"name": "@questbook/common-grpc-web-transport",
	"version": "1.0.1",
	"lockfileVersion": 3,
	"requires": true,
	"packages": {
		"": {
			"name": "@questbook/common-grpc-web-transport",
			"version": "1.0.1",
			"license": "ISC",
			"dependencies": {
				"@improbable-eng/grpc-web": "^0.15.0",
				"http-parser-js": "^0.5.8"
			},
			"devDependencies": {
				"@types/node": "^16.18.11",
				"typescript": "^4.2.3"
			}
		},
		"node_modules/@improbable-eng/grpc-web": {
			"version": "0.15.0",
			"resolved": "https://registry.npmjs.org/@improbable-eng/grpc-web/-/grpc-web-0.15.0.tgz",
			"integrity": "sha512-ERft9/0/8CmYalqOVnJnpdDry28q+j+nAlFFARdjyxXDJ+Mhgv9+F600QC8BR9ygOfrXRlAk6CvST2j+JCpQPg==",
			"dependencies": {
				"browser-headers": "^0.4.1"
			},
			"peerDependencies": {
				"google-protobuf": "^3.14.0"
			}
		},
		"node_modules/@types/node": {
			"version": "16.18.12",
			"resolved": "https://registry.npmjs.org/@types/node/-/node-16.18.12.tgz",
			"integrity": "sha512-vzLe5NaNMjIE3mcddFVGlAXN1LEWueUsMsOJWaT6wWMJGyljHAWHznqfnKUQWGzu7TLPrGvWdNAsvQYW+C0xtw==",
			"dev": true
		},
		"node_modules/browser-headers": {
			"version": "0.4.1",
			"resolved": "https://registry.npmjs.org/browser-headers/-/browser-headers-0.4.1.tgz",
			"integrity": "sha512-CA9hsySZVo9371qEHjHZtYxV2cFtVj5Wj/ZHi8ooEsrtm4vOnl9Y9HmyYWk9q+05d7K3rdoAE0j3MVEFVvtQtg=="
		},
		"node_modules/google-protobuf": {
			"version": "3.21.2",
			"resolved": "https://registry.npmjs.org/google-protobuf/-/google-protobuf-3.21.2.tgz",
			"integrity": "sha512-3MSOYFO5U9mPGikIYCzK0SaThypfGgS6bHqrUGXG3DPHCrb+txNqeEcns1W0lkGfk0rCyNXm7xB9rMxnCiZOoA==",
			"peer": true
		},
		"node_modules/http-parser-js": {
			"version": "0.5.8",
			"resolved": "https://registry.npmjs.org/http-parser-js/-/http-parser-js-0.5.8.tgz",
			"integrity": "sha512-SGeBX54F94Wgu5RH3X5jsDtf4eHyRogWX1XGT3b4HuW3tQPM4AaBzoUji/4AAJNXCEOWZ5O0DgZmJw1947gD5Q=="
		},
		"node_modules/typescript": {
			"version": "4.9.5",
			"resolved": "https://registry.npmjs.org/typescript/-/typescript-4.9.5.tgz",
			"integrity": "sha512-1FXk9E2Hm+QzZQ7z+McJiHL4NW1F2EzMu9Nq9i3zAaGqibafqYwCVU6WyWAuyQRRzOlxou8xZSyXLEN8oKj24g==",
			"dev": true,
			"bin": {
				"tsc": "bin/tsc",
				"tsserver": "bin/tsserver"
			},
			"engines": {
				"node": ">=4.2.0"
			}
		}
	}
}
